
Microsoft Visual Studio Solution File, Format Version 12.00
# Visual Studio 15
VisualStudioVersion = 15.0.28010.2003
MinimumVisualStudioVersion = 10.0.40219.1
Project("{FAE04EC0-301F-11D3-BF4B-00C04F79EFBC}") = "NewPC02-NETFRAMEWORK", "NewPC02-NETFRAMEWORK\NewPC02-NETFRAMEWORK.csproj", "{70053E1C-94AA-4C95-A257-0AAB1B915CE4}"
EndProject
Global
	GlobalSection(SolutionConfigurationPlatforms) = preSolution
		Debug|Any CPU = Debug|Any CPU
		Release|Any CPU = Release|Any CPU
	EndGlobalSection
	GlobalSection(ProjectConfigurationPlatforms) = postSolution
		{70053E1C-94AA-4C95-A257-0AAB1B915CE4}.Debug|Any CPU.ActiveCfg = Debug|Any CPU
		{70053E1C-94AA-4C95-A257-0AAB1B915CE4}.Debug|Any CPU.Build.0 = Debug|Any CPU
		{70053E1C-94AA-4C95-A257-0AAB1B915CE4}.Release|Any CPU.ActiveCfg = Release|Any CPU
		{70053E1C-94AA-4C95-A257-0AAB1B915CE4}.Release|Any CPU.Build.0 = Release|Any CPU
	EndGlobalSection
	GlobalSection(SolutionProperties) = preSolution
		HideSolutionNode = FALSE
	EndGlobalSection
	GlobalSection(ExtensibilityGlobals) = postSolution
		SolutionGuid = {91513930-AB05-4C74-945D-DD0CA0BEA4E1}
	EndGlobalSection
EndGlobal
